
Microsoft Visual Studio Solution File, Format Version 12.00
# Visual Studio 15
VisualStudioVersion = 15.0.28307.705
MinimumVisualStudioVersion = 10.0.40219.1
Project("{FAE04EC0-301F-11D3-BF4B-00C04F79EFBC}") = "Syncronex.Owin.Security.Syncaccess", "Syncronex.Owin.Security.Syncaccess\Syncronex.Owin.Security.Syncaccess.csproj", "{B251A229-A44B-46ED-9914-D935526FC95C}"
EndProject
Project("{FAE04EC0-301F-11D3-BF4B-00C04F79EFBC}") = "TestDriver", "TestDriver\TestDriver.csproj", "{D741E51E-2163-42CD-8F3B-536249D75F00}"
EndProject
Global
	GlobalSection(SolutionConfigurationPlatforms) = preSolution
		Debug|Any CPU = Debug|Any CPU
		Release|Any CPU = Release|Any CPU
	EndGlobalSection
	GlobalSection(ProjectConfigurationPlatforms) = postSolution
		{B251A229-A44B-46ED-9914-D935526FC95C}.Debug|Any CPU.ActiveCfg = Debug|Any CPU
		{B251A229-A44B-46ED-9914-D935526FC95C}.Debug|Any CPU.Build.0 = Debug|Any CPU
		{B251A229-A44B-46ED-9914-D935526FC95C}.Release|Any CPU.ActiveCfg = Release|Any CPU
		{B251A229-A44B-46ED-9914-D935526FC95C}.Release|Any CPU.Build.0 = Release|Any CPU
		{D741E51E-2163-42CD-8F3B-536249D75F00}.Debug|Any CPU.ActiveCfg = Debug|Any CPU
		{D741E51E-2163-42CD-8F3B-536249D75F00}.Debug|Any CPU.Build.0 = Debug|Any CPU
		{D741E51E-2163-42CD-8F3B-536249D75F00}.Release|Any CPU.ActiveCfg = Release|Any CPU
		{D741E51E-2163-42CD-8F3B-536249D75F00}.Release|Any CPU.Build.0 = Release|Any CPU
	EndGlobalSection
	GlobalSection(SolutionProperties) = preSolution
		HideSolutionNode = FALSE
	EndGlobalSection
	GlobalSection(ExtensibilityGlobals) = postSolution
		SolutionGuid = {AA3883D0-2500-40B7-A0D8-D9AF093AE349}
	EndGlobalSection
EndGlobal
